
Microsoft Visual Studio Solution File, Format Version 12.00
# Visual Studio Version 17
VisualStudioVersion = 17.14.36804.6
MinimumVisualStudioVersion = 10.0.40219.1
Project("{FAE04EC0-301F-11D3-BF4B-00C04F79EFBC}") = "AccountingOfApplications", "AccountingOfApplications\AccountingOfApplications.csproj", "{4A339452-0802-4849-ADB0-0EB9C1D279C4}"
EndProject
Project("{FAE04EC0-301F-11D3-BF4B-00C04F79EFBC}") = "UnitTestProject1", "UnitTestProject1\UnitTestProject1.csproj", "{44129A93-4A49-4722-B0F7-D4403DAD8CD8}"
EndProject
Project("{54435603-DBB4-11D2-8724-00A0C9A8B90C}") = "AccountingOfApplicationsSetup", "AccountingOfApplicationsSetup\AccountingOfApplicationsSetup.vdproj", "{873138BF-3D36-0520-FC90-6E60A4DDAD42}"
EndProject
Global
	GlobalSection(SolutionConfigurationPlatforms) = preSolution
		Debug|Any CPU = Debug|Any CPU
		Release|Any CPU = Release|Any CPU
	EndGlobalSection
	GlobalSection(ProjectConfigurationPlatforms) = postSolution
		{4A339452-0802-4849-ADB0-0EB9C1D279C4}.Debug|Any CPU.ActiveCfg = Debug|Any CPU
		{4A339452-0802-4849-ADB0-0EB9C1D279C4}.Debug|Any CPU.Build.0 = Debug|Any CPU
		{4A339452-0802-4849-ADB0-0EB9C1D279C4}.Release|Any CPU.ActiveCfg = Release|Any CPU
		{4A339452-0802-4849-ADB0-0EB9C1D279C4}.Release|Any CPU.Build.0 = Release|Any CPU
		{44129A93-4A49-4722-B0F7-D4403DAD8CD8}.Debug|Any CPU.ActiveCfg = Debug|Any CPU
		{44129A93-4A49-4722-B0F7-D4403DAD8CD8}.Debug|Any CPU.Build.0 = Debug|Any CPU
		{44129A93-4A49-4722-B0F7-D4403DAD8CD8}.Release|Any CPU.ActiveCfg = Release|Any CPU
		{44129A93-4A49-4722-B0F7-D4403DAD8CD8}.Release|Any CPU.Build.0 = Release|Any CPU
		{873138BF-3D36-0520-FC90-6E60A4DDAD42}.Debug|Any CPU.ActiveCfg = Debug
		{873138BF-3D36-0520-FC90-6E60A4DDAD42}.Release|Any CPU.ActiveCfg = Release
	EndGlobalSection
	GlobalSection(SolutionProperties) = preSolution
		HideSolutionNode = FALSE
	EndGlobalSection
	GlobalSection(ExtensibilityGlobals) = postSolution
		SolutionGuid = {11AB096E-FF3D-45A7-A0BE-148B63814D94}
	EndGlobalSection
EndGlobal
